Microsoft Visual Studio Solution File, Format Version 12.00
# Visual Studio Version 17
VisualStudioVersion = 17.5.2.0
MinimumVisualStudioVersion = 10.0.40219.1
Project("{FAE04EC0-301F-11D3-BF4B-00C04F79EFBC}") = "MerceditasStore", "MerceditasStore.csproj", "{4BACDC02-3980-630D-DDEB-D0258A2B4D24}"
EndProject
Global
	GlobalSection(SolutionConfigurationPlatforms) = preSolution
		Debug|Any CPU = Debug|Any CPU
		Release|Any CPU = Release|Any CPU
	EndGlobalSection
	GlobalSection(ProjectConfigurationPlatforms) = postSolution
		{4BACDC02-3980-630D-DDEB-D0258A2B4D24}.Debug|Any CPU.ActiveCfg = Debug|Any CPU
		{4BACDC02-3980-630D-DDEB-D0258A2B4D24}.Debug|Any CPU.Build.0 = Debug|Any CPU
		{4BACDC02-3980-630D-DDEB-D0258A2B4D24}.Release|Any CPU.ActiveCfg = Release|Any CPU
		{4BACDC02-3980-630D-DDEB-D0258A2B4D24}.Release|Any CPU.Build.0 = Release|Any CPU
	EndGlobalSection
	GlobalSection(SolutionProperties) = preSolution
		HideSolutionNode = FALSE
	EndGlobalSection
	GlobalSection(ExtensibilityGlobals) = postSolution
		SolutionGuid = {3BDEEB42-618A-4C14-ABE0-CA81E6F429C3}
	EndGlobalSection
EndGlobal
